# This file was autogenerated by Stack.
# You should not edit this file by hand.
# For more information, please see the documentation at:
#   https://docs.haskellstack.org/en/stable/lock_files

packages:
- completed:
    hackage: X11-xft-0.3.1@sha256:3fc08ff4c419405f33905b160a1d405c60be801d3d1ace745ee5b7ca38531363,654
    pantry-tree:
      size: 325
      sha256: 107995822ae4183e9d9ef04b65d32b672b4a8f40e6f898d4094e4e2d5b564d85
  original:
    hackage: X11-xft-0.3.1
- completed:
    hackage: xmonad-contrib-0.13@sha256:1cb5740276a23dbbc45751c3e6a676862fd95c67fb20c5a586aa60efaba612f7,15069
    pantry-tree:
      size: 18449
      sha256: bd9cf3d707589e7503d190c20b2ff7199dfed9c9ffff709abdd500972d8f3621
  original:
    hackage: xmonad-contrib-0.13
snapshots:
- completed:
    size: 507599
    url: https://raw.githubusercontent.com/commercialhaskell/stackage-snapshots/master/lts/11/11.yaml
    sha256: 5ec0a1ff4dadde524eb529784556bcc32014422fd1e1ed91231c59f001e92ca9
  original: lts-11.11
